
Microsoft Visual Studio Solution File, Format Version 12.00
# Visual Studio Version 16
VisualStudioVersion = 16.0.30104.148
MinimumVisualStudioVersion = 10.0.40219.1
Project("{FAE04EC0-301F-11D3-BF4B-00C04F79EFBC}") = "ClingoSharp", "src\ClingoSharp\ClingoSharp.csproj", "{6C7E386E-E44D-46F2-9AAB-A0F8D19AFDBF}"
EndProject
Project("{2150E333-8FDC-42A3-9474-1A3956D46DE8}") = "Library", "Library", "{431995EA-435A-4A75-9077-BD1FF5645579}"
EndProject
Project("{FAE04EC0-301F-11D3-BF4B-00C04F79EFBC}") = "ClingoSharp.CoreServices", "src\ClingoSharp.CoreServices\ClingoSharp.CoreServices.csproj", "{4A32F868-4C1F-48A1-A892-D62410A46D27}"
EndProject
Project("{FAE04EC0-301F-11D3-BF4B-00C04F79EFBC}") = "ClingoSharp.NativeWrapper", "src\ClingoSharp.NativeWrapper\ClingoSharp.NativeWrapper.csproj", "{DC151E4D-7E1D-4460-B894-39F3829F665E}"
EndProject
Project("{9A19103F-16F7-4668-BE54-9A1E7A4F7556}") = "ClingoSharp.Tests", "tests\ClingoSharp.Tests.csproj", "{2131C735-CBEC-4439-844F-91092453B5E6}"
EndProject
Global
	GlobalSection(SolutionConfigurationPlatforms) = preSolution
		Debug|Any CPU = Debug|Any CPU
		Release|Any CPU = Release|Any CPU
	EndGlobalSection
	GlobalSection(ProjectConfigurationPlatforms) = postSolution
		{6C7E386E-E44D-46F2-9AAB-A0F8D19AFDBF}.Debug|Any CPU.ActiveCfg = Debug|Any CPU
		{6C7E386E-E44D-46F2-9AAB-A0F8D19AFDBF}.Debug|Any CPU.Build.0 = Debug|Any CPU
		{6C7E386E-E44D-46F2-9AAB-A0F8D19AFDBF}.Release|Any CPU.ActiveCfg = Release|Any CPU
		{6C7E386E-E44D-46F2-9AAB-A0F8D19AFDBF}.Release|Any CPU.Build.0 = Release|Any CPU
		{4A32F868-4C1F-48A1-A892-D62410A46D27}.Debug|Any CPU.ActiveCfg = Debug|Any CPU
		{4A32F868-4C1F-48A1-A892-D62410A46D27}.Debug|Any CPU.Build.0 = Debug|Any CPU
		{4A32F868-4C1F-48A1-A892-D62410A46D27}.Release|Any CPU.ActiveCfg = Release|Any CPU
		{4A32F868-4C1F-48A1-A892-D62410A46D27}.Release|Any CPU.Build.0 = Release|Any CPU
		{DC151E4D-7E1D-4460-B894-39F3829F665E}.Debug|Any CPU.ActiveCfg = Debug|Any CPU
		{DC151E4D-7E1D-4460-B894-39F3829F665E}.Debug|Any CPU.Build.0 = Debug|Any CPU
		{DC151E4D-7E1D-4460-B894-39F3829F665E}.Release|Any CPU.ActiveCfg = Release|Any CPU
		{DC151E4D-7E1D-4460-B894-39F3829F665E}.Release|Any CPU.Build.0 = Release|Any CPU
		{2131C735-CBEC-4439-844F-91092453B5E6}.Debug|Any CPU.ActiveCfg = Debug|Any CPU
		{2131C735-CBEC-4439-844F-91092453B5E6}.Debug|Any CPU.Build.0 = Debug|Any CPU
		{2131C735-CBEC-4439-844F-91092453B5E6}.Release|Any CPU.ActiveCfg = Release|Any CPU
		{2131C735-CBEC-4439-844F-91092453B5E6}.Release|Any CPU.Build.0 = Release|Any CPU
	EndGlobalSection
	GlobalSection(SolutionProperties) = preSolution
		HideSolutionNode = FALSE
	EndGlobalSection
	GlobalSection(NestedProjects) = preSolution
		{6C7E386E-E44D-46F2-9AAB-A0F8D19AFDBF} = {431995EA-435A-4A75-9077-BD1FF5645579}
		{4A32F868-4C1F-48A1-A892-D62410A46D27} = {431995EA-435A-4A75-9077-BD1FF5645579}
		{DC151E4D-7E1D-4460-B894-39F3829F665E} = {431995EA-435A-4A75-9077-BD1FF5645579}
	EndGlobalSection
	GlobalSection(ExtensibilityGlobals) = postSolution
		SolutionGuid = {5F75D060-75E3-4990-B53F-0BCE766E894B}
	EndGlobalSection
EndGlobal
